// !$*UTF8*$!
{
	archiveVersion = 1;
	classes = {
	};
	objectVersion = 55;
	objects = {

/* Begin PBXBuildFile section */
		350CE6AA286A0A4800675F5E /* Extension.swift in Sources */ = {isa = PBXBuildFile; fileRef = 350CE6A9286A0A4800675F5E /* Extension.swift */; };
		3554847728616DFD0054B570 /* CurrentData.swift in Sources */ = {isa = PBXBuildFile; fileRef = 3554847628616DFD0054B570 /* CurrentData.swift */; };
		3554847F286177990054B570 /* Store.swift in Sources */ = {isa = PBXBuildFile; fileRef = 3554847E286177990054B570 /* Store.swift */; };
		3554848128617C6F0054B570 /* Network.swift in Sources */ = {isa = PBXBuildFile; fileRef = 3554848028617C6F0054B570 /* Network.swift */; };
		35C56E8D286046CE00A29504 /* AppDelegate.swift in Sources */ = {isa = PBXBuildFile; fileRef = 35C56E8C286046CE00A29504 /* AppDelegate.swift */; };
		35C56E8F286046CE00A29504 /* SceneDelegate.swift in Sources */ = {isa = PBXBuildFile; fileRef = 35C56E8E286046CE00A29504 /* SceneDelegate.swift */; };
		35C56E91286046CE00A29504 /* ListViewController.swift in Sources */ = {isa = PBXBuildFile; fileRef = 35C56E90286046CE00A29504 /* ListViewController.swift */; };
		35C56E96286046D000A29504 /* Assets.xcassets in Resources */ = {isa = PBXBuildFile; fileRef = 35C56E95286046D000A29504 /* Assets.xcassets */; };
		35C56E99286046D000A29504 /* LaunchScreen.storyboard in Resources */ = {isa = PBXBuildFile; fileRef = 35C56E97286046D000A29504 /* LaunchScreen.storyboard */; };
		35C56EA4286046D000A29504 /* lastExaminationProjectTests.swift in Sources */ = {isa = PBXBuildFile; fileRef = 35C56EA3286046D000A29504 /* lastExaminationProjectTests.swift */; };
		35C56EAE286046D000A29504 /* lastExaminationProjectUITests.swift in Sources */ = {isa = PBXBuildFile; fileRef = 35C56EAD286046D000A29504 /* lastExaminationProjectUITests.swift */; };
		35C56EB0286046D000A29504 /* lastExaminationProjectUITestsLaunchTests.swift in Sources */ = {isa = PBXBuildFile; fileRef = 35C56EAF286046D000A29504 /* lastExaminationProjectUITestsLaunchTests.swift */; };
		35C56EC32860581D00A29504 /* SnapKit in Frameworks */ = {isa = PBXBuildFile; productRef = 35C56EC22860581D00A29504 /* SnapKit */; };
		35C56EC828606E6B00A29504 /* ElasticTableViewCell.swift in Sources */ = {isa = PBXBuildFile; fileRef = 35C56EC728606E6B00A29504 /* ElasticTableViewCell.swift */; };
		35C56ECA28606ED000A29504 /* ElasticFullImageTableViewCell.swift in Sources */ = {isa = PBXBuildFile; fileRef = 35C56EC928606ED000A29504 /* ElasticFullImageTableViewCell.swift */; };
		35D8B0B8286EDAFC00D48736 /* MainPageViewController.swift in Sources */ = {isa = PBXBuildFile; fileRef = 35D8B0B7286EDAFC00D48736 /* MainPageViewController.swift */; };
		35D8B0BA286F02AA00D48736 /* CustomSegmentControl.swift in Sources */ = {isa = PBXBuildFile; fileRef = 35D8B0B9286F02AA00D48736 /* CustomSegmentControl.swift */; };
/* End PBXBuildFile section */

/* Begin PBXContainerItemProxy section */
		35C56EA0286046D000A29504 /* PBXContainerItemProxy */ = {
			isa = PBXContainerItemProxy;
			containerPortal = 35C56E81286046CE00A29504 /* Project object */;
			proxyType = 1;
			remoteGlobalIDString = 35C56E88286046CE00A29504;
			remoteInfo = lastExaminationProject;
		};
		35C56EAA286046D000A29504 /* PBXContainerItemProxy */ = {
			isa = PBXContainerItemProxy;
			containerPortal = 35C56E81286046CE00A29504 /* Project object */;
			proxyType = 1;
			remoteGlobalIDString = 35C56E88286046CE00A29504;
			remoteInfo = lastExaminationProject;
		};
/* End PBXContainerItemProxy section */

/* Begin PBXFileReference section */
		350CE6A9286A0A4800675F5E /* Extension.swift */ = {isa = PBXFileReference; lastKnownFileType = sourcecode.swift; path = Extension.swift; sourceTree = "<group>"; };
		3554847628616DFD0054B570 /* CurrentData.swift */ = {isa = PBXFileReference; lastKnownFileType = sourcecode.swift; path = CurrentData.swift; sourceTree = "<group>"; };
		3554847E286177990054B570 /* Store.swift */ = {isa = PBXFileReference; lastKnownFileType = sourcecode.swift; path = Store.swift; sourceTree = "<group>"; };
		3554848028617C6F0054B570 /* Network.swift */ = {isa = PBXFileReference; lastKnownFileType = sourcecode.swift; path = Network.swift; sourceTree = "<group>"; };
		35C56E89286046CE00A29504 /* lastExaminationProject.app */ = {isa = PBXFileReference; explicitFileType = wrapper.application; includeInIndex = 0; path = lastExaminationProject.app; sourceTree = BUILT_PRODUCTS_DIR; };
		35C56E8C286046CE00A29504 /* AppDelegate.swift */ = {isa = PBXFileReference; lastKnownFileType = sourcecode.swift; path = AppDelegate.swift; sourceTree = "<group>"; };
		35C56E8E286046CE00A29504 /* SceneDelegate.swift */ = {isa = PBXFileReference; lastKnownFileType = sourcecode.swift; path = SceneDelegate.swift; sourceTree = "<group>"; };
		35C56E90286046CE00A29504 /* ListViewController.swift */ = {isa = PBXFileReference; lastKnownFileType = sourcecode.swift; path = ListViewController.swift; sourceTree = "<group>"; };
		35C56E95286046D000A29504 /* Assets.xcassets */ = {isa = PBXFileReference; lastKnownFileType = folder.assetcatalog; path = Assets.xcassets; sourceTree = "<group>"; };
		35C56E98286046D000A29504 /* Base */ = {isa = PBXFileReference; lastKnownFileType = file.storyboard; name = Base; path = Base.lproj/LaunchScreen.storyboard; sourceTree = "<group>"; };
		35C56E9A286046D000A29504 /* Info.plist */ = {isa = PBXFileReference; lastKnownFileType = text.plist.xml; path = Info.plist; sourceTree = "<group>"; };
		35C56E9F286046D000A29504 /* lastExaminationProjectTests.xctest */ = {isa = PBXFileReference; explicitFileType = wrapper.cfbundle; includeInIndex = 0; path = lastExaminationProjectTests.xctest; sourceTree = BUILT_PRODUCTS_DIR; };
		35C56EA3286046D000A29504 /* lastExaminationProjectTests.swift */ = {isa = PBXFileReference; lastKnownFileType = sourcecode.swift; path = lastExaminationProjectTests.swift; sourceTree = "<group>"; };
		35C56EA9286046D000A29504 /* lastExaminationProjectUITests.xctest */ = {isa = PBXFileReference; explicitFileType = wrapper.cfbundle; includeInIndex = 0; path = lastExaminationProjectUITests.xctest; sourceTree = BUILT_PRODUCTS_DIR; };
		35C56EAD286046D000A29504 /* lastExaminationProjectUITests.swift */ = {isa = PBXFileReference; lastKnownFileType = sourcecode.swift; path = lastExaminationProjectUITests.swift; sourceTree = "<group>"; };
		35C56EAF286046D000A29504 /* lastExaminationProjectUITestsLaunchTests.swift */ = {isa = PBXFileReference; lastKnownFileType = sourcecode.swift; path = lastExaminationProjectUITestsLaunchTests.swift; sourceTree = "<group>"; };
		35C56EC728606E6B00A29504 /* ElasticTableViewCell.swift */ = {isa = PBXFileReference; lastKnownFileType = sourcecode.swift; path = ElasticTableViewCell.swift; sourceTree = "<group>"; };
		35C56EC928606ED000A29504 /* ElasticFullImageTableViewCell.swift */ = {isa = PBXFileReference; lastKnownFileType = sourcecode.swift; path = ElasticFullImageTableViewCell.swift; sourceTree = "<group>"; };
		35D8B0B7286EDAFC00D48736 /* MainPageViewController.swift */ = {isa = PBXFileReference; lastKnownFileType = sourcecode.swift; path = MainPageViewController.swift; sourceTree = "<group>"; };
		35D8B0B9286F02AA00D48736 /* CustomSegmentControl.swift */ = {isa = PBXFileReference; lastKnownFileType = sourcecode.swift; path = CustomSegmentControl.swift; sourceTree = "<group>"; };
/* End PBXFileReference section */

/* Begin PBXFrameworksBuildPhase section */
		35C56E86286046CE00A29504 /* Frameworks */ = {
			isa = PBXFrameworksBuildPhase;
			buildActionMask = 2147483647;
			files = (
				35C56EC32860581D00A29504 /* SnapKit in Frameworks */,
			);
			runOnlyForDeploymentPostprocessing = 0;
		};
		35C56E9C286046D000A29504 /* Frameworks */ = {
			isa = PBXFrameworksBuildPhase;
			buildActionMask = 2147483647;
			files = (
			);
			runOnlyForDeploymentPostprocessing = 0;
		};
		35C56EA6286046D000A29504 /* Frameworks */ = {
			isa = PBXFrameworksBuildPhase;
			buildActionMask = 2147483647;
			files = (
			);
			runOnlyForDeploymentPostprocessing = 0;
		};
/* End PBXFrameworksBuildPhase section */

/* Begin PBXGroup section */
		35C56E80286046CE00A29504 = {
			isa = PBXGroup;
			children = (
				35C56E8B286046CE00A29504 /* lastExaminationProject */,
				35C56EA2286046D000A29504 /* lastExaminationProjectTests */,
				35C56EAC286046D000A29504 /* lastExaminationProjectUITests */,
				35C56E8A286046CE00A29504 /* Products */,
			);
			sourceTree = "<group>";
		};
		35C56E8A286046CE00A29504 /* Products */ = {
			isa = PBXGroup;
			children = (
				35C56E89286046CE00A29504 /* lastExaminationProject.app */,
				35C56E9F286046D000A29504 /* lastExaminationProjectTests.xctest */,
				35C56EA9286046D000A29504 /* lastExaminationProjectUITests.xctest */,
			);
			name = Products;
			sourceTree = "<group>";
		};
		35C56E8B286046CE00A29504 /* lastExaminationProject */ = {
			isa = PBXGroup;
			children = (
				35C56EBC2860472F00A29504 /* Model */,
				35C56EBE2860474100A29504 /* View */,
				35C56EBD2860473B00A29504 /* Controller */,
				35C56ECB286082B600A29504 /* Utilities */,
				35C56E8C286046CE00A29504 /* AppDelegate.swift */,
				35C56E8E286046CE00A29504 /* SceneDelegate.swift */,
				35C56E95286046D000A29504 /* Assets.xcassets */,
				35C56E97286046D000A29504 /* LaunchScreen.storyboard */,
				35C56E9A286046D000A29504 /* Info.plist */,
			);
			path = lastExaminationProject;
			sourceTree = "<group>";
		};
		35C56EA2286046D000A29504 /* lastExaminationProjectTests */ = {
			isa = PBXGroup;
			children = (
				35C56EA3286046D000A29504 /* lastExaminationProjectTests.swift */,
			);
			path = lastExaminationProjectTests;
			sourceTree = "<group>";
		};
		35C56EAC286046D000A29504 /* lastExaminationProjectUITests */ = {
			isa = PBXGroup;
			children = (
				35C56EAD286046D000A29504 /* lastExaminationProjectUITests.swift */,
				35C56EAF286046D000A29504 /* lastExaminationProjectUITestsLaunchTests.swift */,
			);
			path = lastExaminationProjectUITests;
			sourceTree = "<group>";
		};
		35C56EBC2860472F00A29504 /* Model */ = {
			isa = PBXGroup;
			children = (
				3554847628616DFD0054B570 /* CurrentData.swift */,
				3554847E286177990054B570 /* Store.swift */,
				3554848028617C6F0054B570 /* Network.swift */,
			);
			path = Model;
			sourceTree = "<group>";
		};
		35C56EBD2860473B00A29504 /* Controller */ = {
			isa = PBXGroup;
			children = (
				35D8B0B7286EDAFC00D48736 /* MainPageViewController.swift */,
				35C56E90286046CE00A29504 /* ListViewController.swift */,
			);
			path = Controller;
			sourceTree = "<group>";
		};
		35C56EBE2860474100A29504 /* View */ = {
			isa = PBXGroup;
			children = (
				35C56EC728606E6B00A29504 /* ElasticTableViewCell.swift */,
				35C56EC928606ED000A29504 /* ElasticFullImageTableViewCell.swift */,
			);
			path = View;
			sourceTree = "<group>";
		};
		35C56ECB286082B600A29504 /* Utilities */ = {
			isa = PBXGroup;
			children = (
				350CE6A9286A0A4800675F5E /* Extension.swift */,
				35D8B0B9286F02AA00D48736 /* CustomSegmentControl.swift */,
			);
			path = Utilities;
			sourceTree = "<group>";
		};
/* End PBXGroup section */

/* Begin PBXNativeTarget section */
		35C56E88286046CE00A29504 /* lastExaminationProject */ = {
			isa = PBXNativeTarget;
			buildConfigurationList = 35C56EB3286046D000A29504 /* Build configuration list for PBXNativeTarget "lastExaminationProject" */;
			buildPhases = (
				35C56E85286046CE00A29504 /* Sources */,
				35C56E86286046CE00A29504 /* Frameworks */,
				35C56E87286046CE00A29504 /* Resources */,
			);
			buildRules = (
			);
			dependencies = (
			);
			name = lastExaminationProject;
			packageProductDependencies = (
				35C56EC22860581D00A29504 /* SnapKit */,
			);
			productName = lastExaminationProject;
			productReference = 35C56E89286046CE00A29504 /* lastExaminationProject.app */;
			productType = "com.apple.product-type.application";
		};
		35C56E9E286046D000A29504 /* lastExaminationProjectTests */ = {
			isa = PBXNativeTarget;
			buildConfigurationList = 35C56EB6286046D000A29504 /* Build configuration list for PBXNativeTarget "lastExaminationProjectTests" */;
			buildPhases = (
				35C56E9B286046D000A29504 /* Sources */,
				35C56E9C286046D000A29504 /* Frameworks */,
				35C56E9D286046D000A29504 /* Resources */,
			);
			buildRules = (
			);
			dependencies = (
				35C56EA1286046D000A29504 /* PBXTargetDependency */,
			);
			name = lastExaminationProjectTests;
			productName = lastExaminationProjectTests;
			productReference = 35C56E9F286046D000A29504 /* lastExaminationProjectTests.xctest */;
			productType = "com.apple.product-type.bundle.unit-test";
		};
		35C56EA8286046D000A29504 /* lastExaminationProjectUITests */ = {
			isa = PBXNativeTarget;
			buildConfigurationList = 35C56EB9286046D000A29504 /* Build configuration list for PBXNativeTarget "lastExaminationProjectUITests" */;
			buildPhases = (
				35C56EA5286046D000A29504 /* Sources */,
				35C56EA6286046D000A29504 /* Frameworks */,
				35C56EA7286046D000A29504 /* Resources */,
			);
			buildRules = (
			);
			dependencies = (
				35C56EAB286046D000A29504 /* PBXTargetDependency */,
			);
			name = lastExaminationProjectUITests;
			productName = lastExaminationProjectUITests;
			productReference = 35C56EA9286046D000A29504 /* lastExaminationProjectUITests.xctest */;
			productType = "com.apple.product-type.bundle.ui-testing";
		};
/* End PBXNativeTarget section */

/* Begin PBXProject section */
		35C56E81286046CE00A29504 /* Project object */ = {
			isa = PBXProject;
			attributes = {
				BuildIndependentTargetsInParallel = 1;
				LastSwiftUpdateCheck = 1330;
				LastUpgradeCheck = 1330;
				TargetAttributes = {
					35C56E88286046CE00A29504 = {
						CreatedOnToolsVersion = 13.3;
					};
					35C56E9E286046D000A29504 = {
						CreatedOnToolsVersion = 13.3;
						TestTargetID = 35C56E88286046CE00A29504;
					};
					35C56EA8286046D000A29504 = {
						CreatedOnToolsVersion = 13.3;
						TestTargetID = 35C56E88286046CE00A29504;
					};
				};
			};
			buildConfigurationList = 35C56E84286046CE00A29504 /* Build configuration list for PBXProject "lastExaminationProject" */;
			compatibilityVersion = "Xcode 13.0";
			developmentRegion = en;
			hasScannedForEncodings = 0;
			knownRegions = (
				en,
				Base,
			);
			mainGroup = 35C56E80286046CE00A29504;
			packageReferences = (
				35C56EC12860581D00A29504 /* XCRemoteSwiftPackageReference "SnapKit" */,
			);
			productRefGroup = 35C56E8A286046CE00A29504 /* Products */;
			projectDirPath = "";
			projectRoot = "";
			targets = (
				35C56E88286046CE00A29504 /* lastExaminationProject */,
				35C56E9E286046D000A29504 /* lastExaminationProjectTests */,
				35C56EA8286046D000A29504 /* lastExaminationProjectUITests */,
			);
		};
/* End PBXProject section */

/* Begin PBXResourcesBuildPhase section */
		35C56E87286046CE00A29504 /* Resources */ = {
			isa = PBXResourcesBuildPhase;
			buildActionMask = 2147483647;
			files = (
				35C56E99286046D000A29504 /* LaunchScreen.storyboard in Resources */,
				35C56E96286046D000A29504 /* Assets.xcassets in Resources */,
			);
			runOnlyForDeploymentPostprocessing = 0;
		};
		35C56E9D286046D000A29504 /* Resources */ = {
			isa = PBXResourcesBuildPhase;
			buildActionMask = 2147483647;
			files = (
			);
			runOnlyForDeploymentPostprocessing = 0;
		};
		35C56EA7286046D000A29504 /* Resources */ = {
			isa = PBXResourcesBuildPhase;
			buildActionMask = 2147483647;
			files = (
			);
			runOnlyForDeploymentPostprocessing = 0;
		};
/* End PBXResourcesBuildPhase section */

/* Begin PBXSourcesBuildPhase section */
		35C56E85286046CE00A29504 /* Sources */ = {
			isa = PBXSourcesBuildPhase;
			buildActionMask = 2147483647;
			files = (
				35D8B0B8286EDAFC00D48736 /* MainPageViewController.swift in Sources */,
				35C56ECA28606ED000A29504 /* ElasticFullImageTableViewCell.swift in Sources */,
				35C56E91286046CE00A29504 /* ListViewController.swift in Sources */,
				35C56E8D286046CE00A29504 /* AppDelegate.swift in Sources */,
				35C56EC828606E6B00A29504 /* ElasticTableViewCell.swift in Sources */,
				35D8B0BA286F02AA00D48736 /* CustomSegmentControl.swift in Sources */,
				3554847F286177990054B570 /* Store.swift in Sources */,
				350CE6AA286A0A4800675F5E /* Extension.swift in Sources */,
				3554848128617C6F0054B570 /* Network.swift in Sources */,
				3554847728616DFD0054B570 /* CurrentData.swift in Sources */,
				35C56E8F286046CE00A29504 /* SceneDelegate.swift in Sources */,
			);
			runOnlyForDeploymentPostprocessing = 0;
		};
		35C56E9B286046D000A29504 /* Sources */ = {
			isa = PBXSourcesBuildPhase;
			buildActionMask = 2147483647;
			files = (
				35C56EA4286046D000A29504 /* lastExaminationProjectTests.swift in Sources */,
			);
			runOnlyForDeploymentPostprocessing = 0;
		};
		35C56EA5286046D000A29504 /* Sources */ = {
			isa = PBXSourcesBuildPhase;
			buildActionMask = 2147483647;
			files = (
				35C56EB0286046D000A29504 /* lastExaminationProjectUITestsLaunchTests.swift in Sources */,
				35C56EAE286046D000A29504 /* lastExaminationProjectUITests.swift in Sources */,
			);
			runOnlyForDeploymentPostprocessing = 0;
		};
/* End PBXSourcesBuildPhase section */

/* Begin PBXTargetDependency section */
		35C56EA1286046D000A29504 /* PBXTargetDependency */ = {
			isa = PBXTargetDependency;
			target = 35C56E88286046CE00A29504 /* lastExaminationProject */;
			targetProxy = 35C56EA0286046D000A29504 /* PBXContainerItemProxy */;
		};
		35C56EAB286046D000A29504 /* PBXTargetDependency */ = {
			isa = PBXTargetDependency;
			target = 35C56E88286046CE00A29504 /* lastExaminationProject */;
			targetProxy = 35C56EAA286046D000A29504 /* PBXContainerItemProxy */;
		};
/* End PBXTargetDependency section */

/* Begin PBXVariantGroup section */
		35C56E97286046D000A29504 /* LaunchScreen.storyboard */ = {
			isa = PBXVariantGroup;
			children = (
				35C56E98286046D000A29504 /* Base */,
			);
			name = LaunchScreen.storyboard;
			sourceTree = "<group>";
		};
/* End PBXVariantGroup section */

/* Begin XCBuildConfiguration section */
		35C56EB1286046D000A29504 /* Debug */ = {
			isa = XCBuildConfiguration;
			buildSettings = {
				ALWAYS_SEARCH_USER_PATHS = NO;
				CLANG_ANALYZER_NONNULL = YES;
				CLANG_ANALYZER_NUMBER_OBJECT_CONVERSION = YES_AGGRESSIVE;
				CLANG_CXX_LANGUAGE_STANDARD = "gnu++17";
				CLANG_ENABLE_MODULES = YES;
				CLANG_ENABLE_OBJC_ARC = YES;
				CLANG_ENABLE_OBJC_WEAK = YES;
				CLANG_WARN_BLOCK_CAPTURE_AUTORELEASING = YES;
				CLANG_WARN_BOOL_CONVERSION = YES;
				CLANG_WARN_COMMA = YES;
				CLANG_WARN_CONSTANT_CONVERSION = YES;
				CLANG_WARN_DEPRECATED_OBJC_IMPLEMENTATIONS = YES;
				CLANG_WARN_DIRECT_OBJC_ISA_USAGE = YES_ERROR;
				CLANG_WARN_DOCUMENTATION_COMMENTS = YES;
				CLANG_WARN_EMPTY_BODY = YES;
				CLANG_WARN_ENUM_CONVERSION = YES;
				CLANG_WARN_INFINITE_RECURSION = YES;
				CLANG_WARN_INT_CONVERSION = YES;
				CLANG_WARN_NON_LITERAL_NULL_CONVERSION = YES;
				CLANG_WARN_OBJC_IMPLICIT_RETAIN_SELF = YES;
				CLANG_WARN_OBJC_LITERAL_CONVERSION = YES;
				CLANG_WARN_OBJC_ROOT_CLASS = YES_ERROR;
				CLANG_WARN_QUOTED_INCLUDE_IN_FRAMEWORK_HEADER = YES;
				CLANG_WARN_RANGE_LOOP_ANALYSIS = YES;
				CLANG_WARN_STRICT_PROTOTYPES = YES;
				CLANG_WARN_SUSPICIOUS_MOVE = YES;
				CLANG_WARN_UNGUARDED_AVAILABILITY = YES_AGGRESSIVE;
				CLANG_WARN_UNREACHABLE_CODE = YES;
				CLANG_WARN__DUPLICATE_METHOD_MATCH = YES;
				COPY_PHASE_STRIP = NO;
				DEBUG_INFORMATION_FORMAT = dwarf;
				ENABLE_STRICT_OBJC_MSGSEND = YES;
				ENABLE_TESTABILITY = YES;
				GCC_C_LANGUAGE_STANDARD = gnu11;
				GCC_DYNAMIC_NO_PIC = NO;
				GCC_NO_COMMON_BLOCKS = YES;
				GCC_OPTIMIZATION_LEVEL = 0;
				GCC_PREPROCESSOR_DEFINITIONS = (
					"DEBUG=1",
					"$(inherited)",
				);
				GCC_WARN_64_TO_32_BIT_CONVERSION = YES;
				GCC_WARN_ABOUT_RETURN_TYPE = YES_ERROR;
				GCC_WARN_UNDECLARED_SELECTOR = YES;
				GCC_WARN_UNINITIALIZED_AUTOS = YES_AGGRESSIVE;
				GCC_WARN_UNUSED_FUNCTION = YES;
				GCC_WARN_UNUSED_VARIABLE = YES;
				IPHONEOS_DEPLOYMENT_TARGET = 15.4;
				MTL_ENABLE_DEBUG_INFO = INCLUDE_SOURCE;
				MTL_FAST_MATH = YES;
				ONLY_ACTIVE_ARCH = YES;
				SDKROOT = iphoneos;
				SWIFT_ACTIVE_COMPILATION_CONDITIONS = DEBUG;
				SWIFT_OPTIMIZATION_LEVEL = "-Onone";
			};
			name = Debug;
		};
		35C56EB2286046D000A29504 /* Release */ = {
			isa = XCBuildConfiguration;
			buildSettings = {
				ALWAYS_SEARCH_USER_PATHS = NO;
				CLANG_ANALYZER_NONNULL = YES;
				CLANG_ANALYZER_NUMBER_OBJECT_CONVERSION = YES_AGGRESSIVE;
				CLANG_CXX_LANGUAGE_STANDARD = "gnu++17";
				CLANG_ENABLE_MODULES = YES;
				CLANG_ENABLE_OBJC_ARC = YES;
				CLANG_ENABLE_OBJC_WEAK = YES;
				CLANG_WARN_BLOCK_CAPTURE_AUTORELEASING = YES;
				CLANG_WARN_BOOL_CONVERSION = YES;
				CLANG_WARN_COMMA = YES;
				CLANG_WARN_CONSTANT_CONVERSION = YES;
				CLANG_WARN_DEPRECATED_OBJC_IMPLEMENTATIONS = YES;
				CLANG_WARN_DIRECT_OBJC_ISA_USAGE = YES_ERROR;
				CLANG_WARN_DOCUMENTATION_COMMENTS = YES;
				CLANG_WARN_EMPTY_BODY = YES;
				CLANG_WARN_ENUM_CONVERSION = YES;
				CLANG_WARN_INFINITE_RECURSION = YES;
				CLANG_WARN_INT_CONVERSION = YES;
				CLANG_WARN_NON_LITERAL_NULL_CONVERSION = YES;
				CLANG_WARN_OBJC_IMPLICIT_RETAIN_SELF = YES;
				CLANG_WARN_OBJC_LITERAL_CONVERSION = YES;
				CLANG_WARN_OBJC_ROOT_CLASS = YES_ERROR;
				CLANG_WARN_QUOTED_INCLUDE_IN_FRAMEWORK_HEADER = YES;
				CLANG_WARN_RANGE_LOOP_ANALYSIS = YES;
				CLANG_WARN_STRICT_PROTOTYPES = YES;
				CLANG_WARN_SUSPICIOUS_MOVE = YES;
				CLANG_WARN_UNGUARDED_AVAILABILITY = YES_AGGRESSIVE;
				CLANG_WARN_UNREACHABLE_CODE = YES;
				CLANG_WARN__DUPLICATE_METHOD_MATCH = YES;
				COPY_PHASE_STRIP = NO;
				DEBUG_INFORMATION_FORMAT = "dwarf-with-dsym";
				ENABLE_NS_ASSERTIONS = NO;
				ENABLE_STRICT_OBJC_MSGSEND = YES;
				GCC_C_LANGUAGE_STANDARD = gnu11;
				GCC_NO_COMMON_BLOCKS = YES;
				GCC_WARN_64_TO_32_BIT_CONVERSION = YES;
				GCC_WARN_ABOUT_RETURN_TYPE = YES_ERROR;
				GCC_WARN_UNDECLARED_SELECTOR = YES;
				GCC_WARN_UNINITIALIZED_AUTOS = YES_AGGRESSIVE;
				GCC_WARN_UNUSED_FUNCTION = YES;
				GCC_WARN_UNUSED_VARIABLE = YES;
				IPHONEOS_DEPLOYMENT_TARGET = 15.4;
				MTL_ENABLE_DEBUG_INFO = NO;
				MTL_FAST_MATH = YES;
				SDKROOT = iphoneos;
				SWIFT_COMPILATION_MODE = wholemodule;
				SWIFT_OPTIMIZATION_LEVEL = "-O";
				VALIDATE_PRODUCT = YES;
			};
			name = Release;
		};
		35C56EB4286046D000A29504 /* Debug */ = {
			isa = XCBuildConfiguration;
			buildSettings = {
				ASSETCATALOG_COMPILER_APPICON_NAME = AppIcon;
				ASSETCATALOG_COMPILER_GLOBAL_ACCENT_COLOR_NAME = AccentColor;
				CODE_SIGN_STYLE = Automatic;
				CURRENT_PROJECT_VERSION = 1;
				DEVELOPMENT_TEAM = UP63C7G7P8;
				GENERATE_INFOPLIST_FILE = YES;
				INFOPLIST_FILE = lastExaminationProject/Info.plist;
				INFOPLIST_KEY_UIApplicationSupportsIndirectInputEvents = YES;
				INFOPLIST_KEY_UILaunchStoryboardName = LaunchScreen;
				INFOPLIST_KEY_UISupportedInterfaceOrientations_iPad = "UIInterfaceOrientationPortrait UIInterfaceOrientationPortraitUpsideDown UIInterfaceOrientationLandscapeLeft UIInterfaceOrientationLandscapeRight";
				INFOPLIST_KEY_UISupportedInterfaceOrientations_iPhone = "UIInterfaceOrientationPortrait UIInterfaceOrientationLandscapeLeft UIInterfaceOrientationLandscapeRight";
				LD_RUNPATH_SEARCH_PATHS = (
					"$(inherited)",
					"@executable_path/Frameworks",
				);
				MARKETING_VERSION = 1.0;
				PRODUCT_BUNDLE_IDENTIFIER = com.iRogerz.lastExaminationProject;
				PRODUCT_NAME = "$(TARGET_NAME)";
				SWIFT_EMIT_LOC_STRINGS = YES;
				SWIFT_VERSION = 5.0;
				TARGETED_DEVICE_FAMILY = "1,2";
			};
			name = Debug;
		};
		35C56EB5286046D000A29504 /* Release */ = {
			isa = XCBuildConfiguration;
			buildSettings = {
				ASSETCATALOG_COMPILER_APPICON_NAME = AppIcon;
				ASSETCATALOG_COMPILER_GLOBAL_ACCENT_COLOR_NAME = AccentColor;
				CODE_SIGN_STYLE = Automatic;
				CURRENT_PROJECT_VERSION = 1;
				DEVELOPMENT_TEAM = UP63C7G7P8;
				GENERATE_INFOPLIST_FILE = YES;
				INFOPLIST_FILE = lastExaminationProject/Info.plist;
				INFOPLIST_KEY_UIApplicationSupportsIndirectInputEvents = YES;
				INFOPLIST_KEY_UILaunchStoryboardName = LaunchScreen;
				INFOPLIST_KEY_UISupportedInterfaceOrientations_iPad = "UIInterfaceOrientationPortrait UIInterfaceOrientationPortraitUpsideDown UIInterfaceOrientationLandscapeLeft UIInterfaceOrientationLandscapeRight";
				INFOPLIST_KEY_UISupportedInterfaceOrientations_iPhone = "UIInterfaceOrientationPortrait UIInterfaceOrientationLandscapeLeft UIInterfaceOrientationLandscapeRight";
				LD_RUNPATH_SEARCH_PATHS = (
					"$(inherited)",
					"@executable_path/Frameworks",
				);
				MARKETING_VERSION = 1.0;
				PRODUCT_BUNDLE_IDENTIFIER = com.iRogerz.lastExaminationProject;
				PRODUCT_NAME = "$(TARGET_NAME)";
				SWIFT_EMIT_LOC_STRINGS = YES;
				SWIFT_VERSION = 5.0;
				TARGETED_DEVICE_FAMILY = "1,2";
			};
			name = Release;
		};
		35C56EB7286046D000A29504 /* Debug */ = {
			isa = XCBuildConfiguration;
			buildSettings = {
				ALWAYS_EMBED_SWIFT_STANDARD_LIBRARIES = YES;
				BUNDLE_LOADER = "$(TEST_HOST)";
				CODE_SIGN_STYLE = Automatic;
				CURRENT_PROJECT_VERSION = 1;
				DEVELOPMENT_TEAM = UP63C7G7P8;
				GENERATE_INFOPLIST_FILE = YES;
				IPHONEOS_DEPLOYMENT_TARGET = 15.4;
				MARKETING_VERSION = 1.0;
				PRODUCT_BUNDLE_IDENTIFIER = com.iRogerz.lastExaminationProjectTests;
				PRODUCT_NAME = "$(TARGET_NAME)";
				SWIFT_EMIT_LOC_STRINGS = NO;
				SWIFT_VERSION = 5.0;
				TARGETED_DEVICE_FAMILY = "1,2";
				TEST_HOST = "$(BUILT_PRODUCTS_DIR)/lastExaminationProject.app/lastExaminationProject";
			};
			name = Debug;
		};
		35C56EB8286046D000A29504 /* Release */ = {
			isa = XCBuildConfiguration;
			buildSettings = {
				ALWAYS_EMBED_SWIFT_STANDARD_LIBRARIES = YES;
				BUNDLE_LOADER = "$(TEST_HOST)";
				CODE_SIGN_STYLE = Automatic;
				CURRENT_PROJECT_VERSION = 1;
				DEVELOPMENT_TEAM = UP63C7G7P8;
				GENERATE_INFOPLIST_FILE = YES;
				IPHONEOS_DEPLOYMENT_TARGET = 15.4;
				MARKETING_VERSION = 1.0;
				PRODUCT_BUNDLE_IDENTIFIER = com.iRogerz.lastExaminationProjectTests;
				PRODUCT_NAME = "$(TARGET_NAME)";
				SWIFT_EMIT_LOC_STRINGS = NO;
				SWIFT_VERSION = 5.0;
				TARGETED_DEVICE_FAMILY = "1,2";
				TEST_HOST = "$(BUILT_PRODUCTS_DIR)/lastExaminationProject.app/lastExaminationProject";
			};
			name = Release;
		};
		35C56EBA286046D000A29504 /* Debug */ = {
			isa = XCBuildConfiguration;
			buildSettings = {
				ALWAYS_EMBED_SWIFT_STANDARD_LIBRARIES = YES;
				CODE_SIGN_STYLE = Automatic;
				CURRENT_PROJECT_VERSION = 1;
				DEVELOPMENT_TEAM = UP63C7G7P8;
				GENERATE_INFOPLIST_FILE = YES;
				MARKETING_VERSION = 1.0;
				PRODUCT_BUNDLE_IDENTIFIER = com.iRogerz.lastExaminationProjectUITests;
				PRODUCT_NAME = "$(TARGET_NAME)";
				SWIFT_EMIT_LOC_STRINGS = NO;
				SWIFT_VERSION = 5.0;
				TARGETED_DEVICE_FAMILY = "1,2";
				TEST_TARGET_NAME = lastExaminationProject;
			};
			name = Debug;
		};
		35C56EBB286046D000A29504 /* Release */ = {
			isa = XCBuildConfiguration;
			buildSettings = {
				ALWAYS_EMBED_SWIFT_STANDARD_LIBRARIES = YES;
				CODE_SIGN_STYLE = Automatic;
				CURRENT_PROJECT_VERSION = 1;
				DEVELOPMENT_TEAM = UP63C7G7P8;
				GENERATE_INFOPLIST_FILE = YES;
				MARKETING_VERSION = 1.0;
				PRODUCT_BUNDLE_IDENTIFIER = com.iRogerz.lastExaminationProjectUITests;
				PRODUCT_NAME = "$(TARGET_NAME)";
				SWIFT_EMIT_LOC_STRINGS = NO;
				SWIFT_VERSION = 5.0;
				TARGETED_DEVICE_FAMILY = "1,2";
				TEST_TARGET_NAME = lastExaminationProject;
			};
			name = Release;
		};
/* End XCBuildConfiguration section */

/* Begin XCConfigurationList section */
		35C56E84286046CE00A29504 /* Build configuration list for PBXProject "lastExaminationProject" */ = {
			isa = XCConfigurationList;
			buildConfigurations = (
				35C56EB1286046D000A29504 /* Debug */,
				35C56EB2286046D000A29504 /* Release */,
			);
			defaultConfigurationIsVisible = 0;
			defaultConfigurationName = Release;
		};
		35C56EB3286046D000A29504 /* Build configuration list for PBXNativeTarget "lastExaminationProject" */ = {
			isa = XCConfigurationList;
			buildConfigurations = (
				35C56EB4286046D000A29504 /* Debug */,
				35C56EB5286046D000A29504 /* Release */,
			);
			defaultConfigurationIsVisible = 0;
			defaultConfigurationName = Release;
		};
		35C56EB6286046D000A29504 /* Build configuration list for PBXNativeTarget "lastExaminationProjectTests" */ = {
			isa = XCConfigurationList;
			buildConfigurations = (
				35C56EB7286046D000A29504 /* Debug */,
				35C56EB8286046D000A29504 /* Release */,
			);
			defaultConfigurationIsVisible = 0;
			defaultConfigurationName = Release;
		};
		35C56EB9286046D000A29504 /* Build configuration list for PBXNativeTarget "lastExaminationProjectUITests" */ = {
			isa = XCConfigurationList;
			buildConfigurations = (
				35C56EBA286046D000A29504 /* Debug */,
				35C56EBB286046D000A29504 /* Release */,
			);
			defaultConfigurationIsVisible = 0;
			defaultConfigurationName = Release;
		};
/* End XCConfigurationList section */

/* Begin XCRemoteSwiftPackageReference section */
		35C56EC12860581D00A29504 /* XCRemoteSwiftPackageReference "SnapKit" */ = {
			isa = XCRemoteSwiftPackageReference;
			repositoryURL = "https://github.com/SnapKit/SnapKit.git";
			requirement = {
				branch = develop;
				kind = branch;
			};
		};
/* End XCRemoteSwiftPackageReference section */

/* Begin XCSwiftPackageProductDependency section */
		35C56EC22860581D00A29504 /* SnapKit */ = {
			isa = XCSwiftPackageProductDependency;
			package = 35C56EC12860581D00A29504 /* XCRemoteSwiftPackageReference "SnapKit" */;
			productName = SnapKit;
		};
/* End XCSwiftPackageProductDependency section */
	};
	rootObject = 35C56E81286046CE00A29504 /* Project object */;
}
